
Microsoft Visual Studio Solution File, Format Version 12.00
# Visual Studio Version 16
VisualStudioVersion = 16.0.30225.117
MinimumVisualStudioVersion = 10.0.40219.1
Project("{FAE04EC0-301F-11D3-BF4B-00C04F79EFBC}") = "seleniumtest", "seleniumtest\seleniumtest.csproj", "{DF7E3446-E449-4631-AF15-DD40DEA902AA}"
EndProject
Global
	GlobalSection(SolutionConfigurationPlatforms) = preSolution
		Debug|Any CPU = Debug|Any CPU
		Release|Any CPU = Release|Any CPU
	EndGlobalSection
	GlobalSection(ProjectConfigurationPlatforms) = postSolution
		{DF7E3446-E449-4631-AF15-DD40DEA902AA}.Debug|Any CPU.ActiveCfg = Debug|Any CPU
		{DF7E3446-E449-4631-AF15-DD40DEA902AA}.Debug|Any CPU.Build.0 = Debug|Any CPU
		{DF7E3446-E449-4631-AF15-DD40DEA902AA}.Release|Any CPU.ActiveCfg = Release|Any CPU
		{DF7E3446-E449-4631-AF15-DD40DEA902AA}.Release|Any CPU.Build.0 = Release|Any CPU
	EndGlobalSection
	GlobalSection(SolutionProperties) = preSolution
		HideSolutionNode = FALSE
	EndGlobalSection
	GlobalSection(ExtensibilityGlobals) = postSolution
		SolutionGuid = {8BA02897-4A89-44DE-85D5-04C6CDF83F62}
	EndGlobalSection
EndGlobal
